// !$*UTF8*$!
{
	archiveVersion = 1;
	classes = {
	};
	objectVersion = 46;
	objects = {

/* Begin PBXBuildFile section */
		BC0CE8EB1D90D1CC007F151E /* AppDelegate.swift in Sources */ = {isa = PBXBuildFile; fileRef = BC0CE8EA1D90D1CC007F151E /* AppDelegate.swift */; };
		BC0CE8ED1D90D1CC007F151E /* ViewController.swift in Sources */ = {isa = PBXBuildFile; fileRef = BC0CE8EC1D90D1CC007F151E /* ViewController.swift */; };
		BC0CE8F01D90D1CC007F151E /* Main.storyboard in Resources */ = {isa = PBXBuildFile; fileRef = BC0CE8EE1D90D1CC007F151E /* Main.storyboard */; };
		BC0CE8F21D90D1CC007F151E /* Assets.xcassets in Resources */ = {isa = PBXBuildFile; fileRef = BC0CE8F11D90D1CC007F151E /* Assets.xcassets */; };
		BC0CE8F51D90D1CC007F151E /* LaunchScreen.storyboard in Resources */ = {isa = PBXBuildFile; fileRef = BC0CE8F31D90D1CC007F151E /* LaunchScreen.storyboard */; };
		BC0CE8FF1D90E59D007F151E /* AViewController.swift in Sources */ = {isa = PBXBuildFile; fileRef = BC0CE8FE1D90E59D007F151E /* AViewController.swift */; };
/* End PBXBuildFile section */

/* Begin PBXFileReference section */
		BC0CE8E71D90D1CC007F151E /* ios.app */ = {isa = PBXFileReference; explicitFileType = wrapper.application; includeInIndex = 0; path = ios.app; sourceTree = BUILT_PRODUCTS_DIR; };
		BC0CE8EA1D90D1CC007F151E /* AppDelegate.swift */ = {isa = PBXFileReference; lastKnownFileType = sourcecode.swift; path = AppDelegate.swift; sourceTree = "<group>"; };
		BC0CE8EC1D90D1CC007F151E /* ViewController.swift */ = {isa = PBXFileReference; lastKnownFileType = sourcecode.swift; path = ViewController.swift; sourceTree = "<group>"; };
		BC0CE8EF1D90D1CC007F151E /* Base */ = {isa = PBXFileReference; lastKnownFileType = file.storyboard; name = Base; path = Base.lproj/Main.storyboard; sourceTree = "<group>"; };
		BC0CE8F11D90D1CC007F151E /* Assets.xcassets */ = {isa = PBXFileReference; lastKnownFileType = folder.assetcatalog; path = Assets.xcassets; sourceTree = "<group>"; };
		BC0CE8F41D90D1CC007F151E /* Base */ = {isa = PBXFileReference; lastKnownFileType = file.storyboard; name = Base; path = Base.lproj/LaunchScreen.storyboard; sourceTree = "<group>"; };
		BC0CE8F61D90D1CC007F151E /* Info.plist */ = {isa = PBXFileReference; lastKnownFileType = text.plist.xml; path = Info.plist; sourceTree = "<group>"; };
		BC0CE8FE1D90E59D007F151E /* AViewController.swift */ = {isa = PBXFileReference; fileEncoding = 4; lastKnownFileType = sourcecode.swift; path = AViewController.swift; sourceTree = "<group>"; };
/* End PBXFileReference section */

/* Begin PBXFrameworksBuildPhase section */
		BC0CE8E41D90D1CC007F151E /* Frameworks */ = {
			isa = PBXFrameworksBuildPhase;
			buildActionMask = 2147483647;
			files = (
			);
			runOnlyForDeploymentPostprocessing = 0;
		};
/* End PBXFrameworksBuildPhase section */

/* Begin PBXGroup section */
		BC0CE8DE1D90D1CC007F151E = {
			isa = PBXGroup;
			children = (
				BC0CE8FE1D90E59D007F151E /* AViewController.swift */,
				BC0CE8E91D90D1CC007F151E /* ios */,
				BC0CE8E81D90D1CC007F151E /* Products */,
			);
			sourceTree = "<group>";
		};
		BC0CE8E81D90D1CC007F151E /* Products */ = {
			isa = PBXGroup;
			children = (
				BC0CE8E71D90D1CC007F151E /* ios.app */,
			);
			name = Products;
			sourceTree = "<group>";
		};
		BC0CE8E91D90D1CC007F151E /* ios */ = {
			isa = PBXGroup;
			children = (
				BC0CE8EA1D90D1CC007F151E /* AppDelegate.swift */,
				BC0CE8EC1D90D1CC007F151E /* ViewController.swift */,
				BC0CE8EE1D90D1CC007F151E /* Main.storyboard */,
				BC0CE8F11D90D1CC007F151E /* Assets.xcassets */,
				BC0CE8F31D90D1CC007F151E /* LaunchScreen.storyboard */,
				BC0CE8F61D90D1CC007F151E /* Info.plist */,
			);
			path = ios;
			sourceTree = "<group>";
		};
/* End PBXGroup section */

/* Begin PBXNativeTarget section */
		BC0CE8E61D90D1CC007F151E /* ios */ = {
			isa = PBXNativeTarget;
			buildConfigurationList = BC0CE8F91D90D1CC007F151E /* Build configuration list for PBXNativeTarget "ios" */;
			buildPhases = (
				BC0CE8E31D90D1CC007F151E /* Sources */,
				BC0CE8E41D90D1CC007F151E /* Frameworks */,
				BC0CE8E51D90D1CC007F151E /* Resources */,
			);
			buildRules = (
			);
			dependencies = (
			);
			name = ios;
			productName = ios;
			productReference = BC0CE8E71D90D1CC007F151E /* ios.app */;
			productType = "com.apple.product-type.application";
		};
/* End PBXNativeTarget section */

/* Begin PBXProject section */
		BC0CE8DF1D90D1CC007F151E /* Project object */ = {
			isa = PBXProject;
			attributes = {
				LastSwiftUpdateCheck = 0730;
				LastUpgradeCheck = 0730;
				ORGANIZATIONNAME = sunjimin;
				TargetAttributes = {
					BC0CE8E61D90D1CC007F151E = {
						CreatedOnToolsVersion = 7.3.1;
					};
				};
			};
			buildConfigurationList = BC0CE8E21D90D1CC007F151E /* Build configuration list for PBXProject "ios" */;
			compatibilityVersion = "Xcode 3.2";
			developmentRegion = English;
			hasScannedForEncodings = 0;
			knownRegions = (
				en,
				Base,
			);
			mainGroup = BC0CE8DE1D90D1CC007F151E;
			productRefGroup = BC0CE8E81D90D1CC007F151E /* Products */;
			projectDirPath = "";
			projectRoot = "";
			targets = (
				BC0CE8E61D90D1CC007F151E /* ios */,
			);
		};
/* End PBXProject section */

/* Begin PBXResourcesBuildPhase section */
		BC0CE8E51D90D1CC007F151E /* Resources */ = {
			isa = PBXResourcesBuildPhase;
			buildActionMask = 2147483647;
			files = (
				BC0CE8F51D90D1CC007F151E /* LaunchScreen.storyboard in Resources */,
				BC0CE8F21D90D1CC007F151E /* Assets.xcassets in Resources */,
				BC0CE8F01D90D1CC007F151E /* Main.storyboard in Resources */,
			);
			runOnlyForDeploymentPostprocessing = 0;
		};
/* End PBXResourcesBuildPhase section */

/* Begin PBXSourcesBuildPhase section */
		BC0CE8E31D90D1CC007F151E /* Sources */ = {
			isa = PBXSourcesBuildPhase;
			buildActionMask = 2147483647;
			files = (
				BC0CE8ED1D90D1CC007F151E /* ViewController.swift in Sources */,
				BC0CE8FF1D90E59D007F151E /* AViewController.swift in Sources */,
				BC0CE8EB1D90D1CC007F151E /* AppDelegate.swift in Sources */,
			);
			runOnlyForDeploymentPostprocessing = 0;
		};
/* End PBXSourcesBuildPhase section */

/* Begin PBXVariantGroup section */
		BC0CE8EE1D90D1CC007F151E /* Main.storyboard */ = {
			isa = PBXVariantGroup;
			children = (
				BC0CE8EF1D90D1CC007F151E /* Base */,
			);
			name = Main.storyboard;
			sourceTree = "<group>";
		};
		BC0CE8F31D90D1CC007F151E /* LaunchScreen.storyboard */ = {
			isa = PBXVariantGroup;
			children = (
				BC0CE8F41D90D1CC007F151E /* Base */,
			);
			name = LaunchScreen.storyboard;
			sourceTree = "<group>";
		};
/* End PBXVariantGroup section */

/* Begin XCBuildConfiguration section */
		BC0CE8F71D90D1CC007F151E /* Debug */ = {
			isa = XCBuildConfiguration;
			buildSettings = {
				ALWAYS_SEARCH_USER_PATHS = NO;
				CLANG_ANALYZER_NONNULL = YES;
				CLANG_CXX_LANGUAGE_STANDARD = "gnu++0x";
				CLANG_CXX_LIBRARY = "libc++";
				CLANG_ENABLE_MODULES = YES;
				CLANG_ENABLE_OBJC_ARC = YES;
				CLANG_WARN_BOOL_CONVERSION = YES;
				CLANG_WARN_CONSTANT_CONVERSION = YES;
				CLANG_WARN_DIRECT_OBJC_ISA_USAGE = YES_ERROR;
				CLANG_WARN_EMPTY_BODY = YES;
				CLANG_WARN_ENUM_CONVERSION = YES;
				CLANG_WARN_INT_CONVERSION = YES;
				CLANG_WARN_OBJC_ROOT_CLASS = YES_ERROR;
				CLANG_WARN_UNREACHABLE_CODE = YES;
				CLANG_WARN__DUPLICATE_METHOD_MATCH = YES;
				"CODE_SIGN_IDENTITY[sdk=iphoneos*]" = "iPhone Developer";
				COPY_PHASE_STRIP = NO;
				DEBUG_INFORMATION_FORMAT = dwarf;
				ENABLE_STRICT_OBJC_MSGSEND = YES;
				ENABLE_TESTABILITY = YES;
				GCC_C_LANGUAGE_STANDARD = gnu99;
				GCC_DYNAMIC_NO_PIC = NO;
				GCC_NO_COMMON_BLOCKS = YES;
				GCC_OPTIMIZATION_LEVEL = 0;
				GCC_PREPROCESSOR_DEFINITIONS = (
					"DEBUG=1",
					"$(inherited)",
				);
				GCC_WARN_64_TO_32_BIT_CONVERSION = YES;
				GCC_WARN_ABOUT_RETURN_TYPE = YES_ERROR;
				GCC_WARN_UNDECLARED_SELECTOR = YES;
				GCC_WARN_UNINITIALIZED_AUTOS = YES_AGGRESSIVE;
				GCC_WARN_UNUSED_FUNCTION = YES;
				GCC_WARN_UNUSED_VARIABLE = YES;
				IPHONEOS_DEPLOYMENT_TARGET = 9.3;
				MTL_ENABLE_DEBUG_INFO = YES;
				ONLY_ACTIVE_ARCH = YES;
				SDKROOT = iphoneos;
				SWIFT_OPTIMIZATION_LEVEL = "-Onone";
			};
			name = Debug;
		};
		BC0CE8F81D90D1CC007F151E /* Release */ = {
			isa = XCBuildConfiguration;
			buildSettings = {
				ALWAYS_SEARCH_USER_PATHS = NO;
				CLANG_ANALYZER_NONNULL = YES;
				CLANG_CXX_LANGUAGE_STANDARD = "gnu++0x";
				CLANG_CXX_LIBRARY = "libc++";
				CLANG_ENABLE_MODULES = YES;
				CLANG_ENABLE_OBJC_ARC = YES;
				CLANG_WARN_BOOL_CONVERSION = YES;
				CLANG_WARN_CONSTANT_CONVERSION = YES;
				CLANG_WARN_DIRECT_OBJC_ISA_USAGE = YES_ERROR;
				CLANG_WARN_EMPTY_BODY = YES;
				CLANG_WARN_ENUM_CONVERSION = YES;
				CLANG_WARN_INT_CONVERSION = YES;
				CLANG_WARN_OBJC_ROOT_CLASS = YES_ERROR;
				CLANG_WARN_UNREACHABLE_CODE = YES;
				CLANG_WARN__DUPLICATE_METHOD_MATCH = YES;
				"CODE_SIGN_IDENTITY[sdk=iphoneos*]" = "iPhone Developer";
				COPY_PHASE_STRIP = NO;
				DEBUG_INFORMATION_FORMAT = "dwarf-with-dsym";
				ENABLE_NS_ASSERTIONS = NO;
				ENABLE_STRICT_OBJC_MSGSEND = YES;
				GCC_C_LANGUAGE_STANDARD = gnu99;
				GCC_NO_COMMON_BLOCKS = YES;
				GCC_WARN_64_TO_32_BIT_CONVERSION = YES;
				GCC_WARN_ABOUT_RETURN_TYPE = YES_ERROR;
				GCC_WARN_UNDECLARED_SELECTOR = YES;
				GCC_WARN_UNINITIALIZED_AUTOS = YES_AGGRESSIVE;
				GCC_WARN_UNUSED_FUNCTION = YES;
				GCC_WARN_UNUSED_VARIABLE = YES;
				IPHONEOS_DEPLOYMENT_TARGET = 9.3;
				MTL_ENABLE_DEBUG_INFO = NO;
				SDKROOT = iphoneos;
				VALIDATE_PRODUCT = YES;
			};
			name = Release;
		};
		BC0CE8FA1D90D1CC007F151E /* Debug */ = {
			isa = XCBuildConfiguration;
			buildSettings = {
				ASSETCATALOG_COMPILER_APPICON_NAME = AppIcon;
				INFOPLIST_FILE = ios/Info.plist;
				LD_RUNPATH_SEARCH_PATHS = "$(inherited) @executable_path/Frameworks";
				PRODUCT_BUNDLE_IDENTIFIER = sunjimin.ios;
				PRODUCT_NAME = "$(TARGET_NAME)";
			};
			name = Debug;
		};
		BC0CE8FB1D90D1CC007F151E /* Release */ = {
			isa = XCBuildConfiguration;
			buildSettings = {
				ASSETCATALOG_COMPILER_APPICON_NAME = AppIcon;
				INFOPLIST_FILE = ios/Info.plist;
				LD_RUNPATH_SEARCH_PATHS = "$(inherited) @executable_path/Frameworks";
				PRODUCT_BUNDLE_IDENTIFIER = sunjimin.ios;
				PRODUCT_NAME = "$(TARGET_NAME)";
			};
			name = Release;
		};
/* End XCBuildConfiguration section */

/* Begin XCConfigurationList section */
		BC0CE8E21D90D1CC007F151E /* Build configuration list for PBXProject "ios" */ = {
			isa = XCConfigurationList;
			buildConfigurations = (
				BC0CE8F71D90D1CC007F151E /* Debug */,
				BC0CE8F81D90D1CC007F151E /* Release */,
			);
			defaultConfigurationIsVisible = 0;
			defaultConfigurationName = Release;
		};
		BC0CE8F91D90D1CC007F151E /* Build configuration list for PBXNativeTarget "ios" */ = {
			isa = XCConfigurationList;
			buildConfigurations = (
				BC0CE8FA1D90D1CC007F151E /* Debug */,
				BC0CE8FB1D90D1CC007F151E /* Release */,
			);
			defaultConfigurationIsVisible = 0;
			defaultConfigurationName = Release;
		};
/* End XCConfigurationList section */
	};
	rootObject = BC0CE8DF1D90D1CC007F151E /* Project object */;
}
